
Microsoft Visual Studio Solution File, Format Version 12.00
# Visual Studio Version 16
VisualStudioVersion = 16.0.32106.194
MinimumVisualStudioVersion = 10.0.40219.1
Project("{FAE04EC0-301F-11D3-BF4B-00C04F79EFBC}") = "DbCodeFirst", "DbCodeFirst\DbCodeFirst.csproj", "{46D39A67-56D4-4B10-B07F-9F2DA8208CC6}"
EndProject
Global
	GlobalSection(SolutionConfigurationPlatforms) = preSolution
		Debug|Any CPU = Debug|Any CPU
		Release|Any CPU = Release|Any CPU
	EndGlobalSection
	GlobalSection(ProjectConfigurationPlatforms) = postSolution
		{46D39A67-56D4-4B10-B07F-9F2DA8208CC6}.Debug|Any CPU.ActiveCfg = Debug|Any CPU
		{46D39A67-56D4-4B10-B07F-9F2DA8208CC6}.Debug|Any CPU.Build.0 = Debug|Any CPU
		{46D39A67-56D4-4B10-B07F-9F2DA8208CC6}.Release|Any CPU.ActiveCfg = Release|Any CPU
		{46D39A67-56D4-4B10-B07F-9F2DA8208CC6}.Release|Any CPU.Build.0 = Release|Any CPU
	EndGlobalSection
	GlobalSection(SolutionProperties) = preSolution
		HideSolutionNode = FALSE
	EndGlobalSection
	GlobalSection(ExtensibilityGlobals) = postSolution
		SolutionGuid = {7556D47C-7D77-4EF3-A8A5-66435B20658A}
	EndGlobalSection
EndGlobal
