
Microsoft Visual Studio Solution File, Format Version 12.00
# Visual Studio Version 17
VisualStudioVersion = 17.1.32228.430
MinimumVisualStudioVersion = 10.0.40219.1
Project("{9A19103F-16F7-4668-BE54-9A1E7A4F7556}") = "MVCwithRazor", "MVCwithRazor\MVCwithRazor.csproj", "{B73FFAC1-1676-4F31-B369-DC9A4CB023E5}"
EndProject
Project("{2150E333-8FDC-42A3-9474-1A3956D46DE8}") = "Solution Items", "Solution Items", "{E13B55C0-27E1-4A4E-9ED5-9CC3ECA2ECC5}"
	ProjectSection(SolutionItems) = preProject
		.editorconfig = .editorconfig
	EndProjectSection
EndProject
Global
	GlobalSection(SolutionConfigurationPlatforms) = preSolution
		Debug|Any CPU = Debug|Any CPU
		Release|Any CPU = Release|Any CPU
	EndGlobalSection
	GlobalSection(ProjectConfigurationPlatforms) = postSolution
		{B73FFAC1-1676-4F31-B369-DC9A4CB023E5}.Debug|Any CPU.ActiveCfg = Debug|Any CPU
		{B73FFAC1-1676-4F31-B369-DC9A4CB023E5}.Debug|Any CPU.Build.0 = Debug|Any CPU
		{B73FFAC1-1676-4F31-B369-DC9A4CB023E5}.Release|Any CPU.ActiveCfg = Release|Any CPU
		{B73FFAC1-1676-4F31-B369-DC9A4CB023E5}.Release|Any CPU.Build.0 = Release|Any CPU
	EndGlobalSection
	GlobalSection(SolutionProperties) = preSolution
		HideSolutionNode = FALSE
	EndGlobalSection
	GlobalSection(ExtensibilityGlobals) = postSolution
		SolutionGuid = {34D73254-32CF-418D-89A0-B3D548C717C5}
	EndGlobalSection
EndGlobal
