
Microsoft Visual Studio Solution File, Format Version 12.00
# Visual Studio Version 16
VisualStudioVersion = 16.0.32106.194
MinimumVisualStudioVersion = 10.0.40219.1
Project("{FAE04EC0-301F-11D3-BF4B-00C04F79EFBC}") = "BasicRepository", "BasicRepository\BasicRepository.csproj", "{198E0E19-B20A-477E-BD43-1B8D67E7877A}"
EndProject
Global
	GlobalSection(SolutionConfigurationPlatforms) = preSolution
		Debug|Any CPU = Debug|Any CPU
		Release|Any CPU = Release|Any CPU
	EndGlobalSection
	GlobalSection(ProjectConfigurationPlatforms) = postSolution
		{198E0E19-B20A-477E-BD43-1B8D67E7877A}.Debug|Any CPU.ActiveCfg = Debug|Any CPU
		{198E0E19-B20A-477E-BD43-1B8D67E7877A}.Debug|Any CPU.Build.0 = Debug|Any CPU
		{198E0E19-B20A-477E-BD43-1B8D67E7877A}.Release|Any CPU.ActiveCfg = Release|Any CPU
		{198E0E19-B20A-477E-BD43-1B8D67E7877A}.Release|Any CPU.Build.0 = Release|Any CPU
	EndGlobalSection
	GlobalSection(SolutionProperties) = preSolution
		HideSolutionNode = FALSE
	EndGlobalSection
	GlobalSection(ExtensibilityGlobals) = postSolution
		SolutionGuid = {68724C26-4432-4F5C-A1A8-F556EA29FD81}
	EndGlobalSection
EndGlobal
