
Microsoft Visual Studio Solution File, Format Version 12.00
# Visual Studio Version 16
VisualStudioVersion = 16.0.32106.194
MinimumVisualStudioVersion = 10.0.40219.1
Project("{FAE04EC0-301F-11D3-BF4B-00C04F79EFBC}") = "OgrenciProjeCodeFirst", "OgrenciProjeCodeFirst\OgrenciProjeCodeFirst.csproj", "{83DCC023-FD72-4980-AAA5-8DE7E7834023}"
EndProject
Global
	GlobalSection(SolutionConfigurationPlatforms) = preSolution
		Debug|Any CPU = Debug|Any CPU
		Release|Any CPU = Release|Any CPU
	EndGlobalSection
	GlobalSection(ProjectConfigurationPlatforms) = postSolution
		{83DCC023-FD72-4980-AAA5-8DE7E7834023}.Debug|Any CPU.ActiveCfg = Debug|Any CPU
		{83DCC023-FD72-4980-AAA5-8DE7E7834023}.Debug|Any CPU.Build.0 = Debug|Any CPU
		{83DCC023-FD72-4980-AAA5-8DE7E7834023}.Release|Any CPU.ActiveCfg = Release|Any CPU
		{83DCC023-FD72-4980-AAA5-8DE7E7834023}.Release|Any CPU.Build.0 = Release|Any CPU
	EndGlobalSection
	GlobalSection(SolutionProperties) = preSolution
		HideSolutionNode = FALSE
	EndGlobalSection
	GlobalSection(ExtensibilityGlobals) = postSolution
		SolutionGuid = {2FDF3733-9FAC-4B51-8A11-D0C51EA2C103}
	EndGlobalSection
EndGlobal
