
Microsoft Visual Studio Solution File, Format Version 12.00
# Visual Studio Version 16
VisualStudioVersion = 16.0.32106.194
MinimumVisualStudioVersion = 10.0.40219.1
Project("{FAE04EC0-301F-11D3-BF4B-00C04F79EFBC}") = "Reflection", "Reflection\Reflection.csproj", "{BAD8FC5F-8006-40FC-9DB5-2DF64E91131F}"
EndProject
Global
	GlobalSection(SolutionConfigurationPlatforms) = preSolution
		Debug|Any CPU = Debug|Any CPU
		Release|Any CPU = Release|Any CPU
	EndGlobalSection
	GlobalSection(ProjectConfigurationPlatforms) = postSolution
		{BAD8FC5F-8006-40FC-9DB5-2DF64E91131F}.Debug|Any CPU.ActiveCfg = Debug|Any CPU
		{BAD8FC5F-8006-40FC-9DB5-2DF64E91131F}.Debug|Any CPU.Build.0 = Debug|Any CPU
		{BAD8FC5F-8006-40FC-9DB5-2DF64E91131F}.Release|Any CPU.ActiveCfg = Release|Any CPU
		{BAD8FC5F-8006-40FC-9DB5-2DF64E91131F}.Release|Any CPU.Build.0 = Release|Any CPU
	EndGlobalSection
	GlobalSection(SolutionProperties) = preSolution
		HideSolutionNode = FALSE
	EndGlobalSection
	GlobalSection(ExtensibilityGlobals) = postSolution
		SolutionGuid = {0F041721-C9E8-475E-91A0-47228D41BACD}
	EndGlobalSection
EndGlobal
